schema: '2.0'
stages:
  preprocess:
    cmd: uv run python src/data/preprocessing.py
    deps:
    - path: data/raw
      hash: md5
      md5: 9a2f2af35a14eee33460c2655dff37e6.dir
      size: 1979270
      nfiles: 3
    - path: src/data/preprocessing.py
      hash: md5
      md5: 41df3cff304195abdbdb4ab8d1f8b236
      size: 1971
    params:
      params.yaml:
        preprocess.random_state: 42
        preprocess.train_size: 0.8
    outs:
    - path: data/processed/test_data.data
      hash: md5
      md5: 0e68d2b12c62f29663797d328a8144b7
      size: 218730
    - path: data/processed/train_data.data
      hash: md5
      md5: 096c32b6d5bd38a0683e197828c708f6
      size: 1960443
  train:
    cmd: uv run python src/models/train.py
    deps:
    - path: data/processed/train_data.data
      hash: md5
      md5: 096c32b6d5bd38a0683e197828c708f6
      size: 1960443
    - path: src/models/train.py
      hash: md5
      md5: 296ed5b8d98675a6ed3746bed3200d00
      size: 4623
    params:
      params.yaml:
        train.lr_all: 0.005
        train.n_epochs: 20
        train.n_factors: 50
        train.reg_all: 0.02
    outs:
    - path: models/model.pkl
      hash: md5
      md5: d8f8b85733ccee5c5096428a34c06682
      size: 2710413
    - path: src/models/train_metrics.json
      hash: md5
      md5: a74558af698e86c4084d2793b0ce31f0
      size: 71
  batch_predict:
    cmd: uv run python src/models/predict.py
    deps:
    - path: data/processed/all_data.data
      hash: md5
      md5: 64b20c34c95893afc0c51e52b4b7e25e
      size: 2179173
    - path: src/models/predict.py
      hash: md5
      md5: 2bff6136df7e04b4e20bde9df37d6f46
      size: 3464
