schema: '2.0'
stages:
  preprocess:
    cmd: uv run python src/data/preprocessing.py
    deps:
    - path: data/raw
      hash: md5
      md5: 9a2f2af35a14eee33460c2655dff37e6.dir
      size: 1979270
      nfiles: 3
    - path: src/data/preprocessing.py
      hash: md5
      md5: 8ce2b1ec1381fd170dc97c57c9d2280c
      size: 1815
    params:
      params.yaml:
        preprocess.random_state: 42
        preprocess.train_size: 0.8
    outs:
    - path: data/processed/test_data.data
      hash: md5
      md5: 0e68d2b12c62f29663797d328a8144b7
      size: 218730
    - path: data/processed/train_data.data
      hash: md5
      md5: 096c32b6d5bd38a0683e197828c708f6
      size: 1960443
  train:
    cmd: uv run python src/models/train.py
    deps:
    - path: data/processed/train_data.data
      hash: md5
      md5: 096c32b6d5bd38a0683e197828c708f6
      size: 1960443
    - path: src/models/train.py
      hash: md5
      md5: 3e047ccc783f0678dd0050de91264ba8
      size: 4611
    params:
      params.yaml:
        train.lr_all: 0.005
        train.n_epochs: 20
        train.n_factors: 50
        train.reg_all: 0.02
    outs:
    - path: models/model.pkl
      hash: md5
      md5: 66ee29d0c5572a002e76f25e402954a2
      size: 2707554
    - path: train_metrics.json
      hash: md5
      md5: a2afc1c61a3239c42ff0ab4ca20f300f
      size: 71
  batch_predict:
    cmd: uv run python src/models/predict.py
    deps:
    - path: data/processed/trainset.pkl
      hash: md5
      md5: 8b9320a3d53de703824d3615d163c856
      size: 2216388
    - path: models/model.pkl
      hash: md5
      md5: acdf8a06da56dd45a914461a388c69dd
      size: 3275476
    - path: src/models/predict.py
      hash: md5
      md5: a1b73a687bb200391cc31105c6786510
      size: 3551
